// !$*UTF8*$!
{
	archiveVersion = 1;
	classes = {
	};
	objectVersion = 52;
	objects = {

/* Begin PBXBuildFile section */
		973245E42797BAD800CE549D /* AppDelegate.swift in Sources */ = {isa = PBXBuildFile; fileRef = 973245E32797BAD800CE549D /* AppDelegate.swift */; };
		973245E62797BAD800CE549D /* SceneDelegate.swift in Sources */ = {isa = PBXBuildFile; fileRef = 973245E52797BAD800CE549D /* SceneDelegate.swift */; };
		973245E82797BAD800CE549D /* HomePageViewController.swift in Sources */ = {isa = PBXBuildFile; fileRef = 973245E72797BAD800CE549D /* HomePageViewController.swift */; };
		973245ED2797BADA00CE549D /* Assets.xcassets in Resources */ = {isa = PBXBuildFile; fileRef = 973245EC2797BADA00CE549D /* Assets.xcassets */; };
		973245F02797BADA00CE549D /* LaunchScreen.storyboard in Resources */ = {isa = PBXBuildFile; fileRef = 973245EE2797BADA00CE549D /* LaunchScreen.storyboard */; };
		973245FA2797BC1F00CE549D /* Enums.swift in Sources */ = {isa = PBXBuildFile; fileRef = 973245F92797BC1F00CE549D /* Enums.swift */; };
		973245FE2797BC7B00CE549D /* WannaKnowViewController.swift in Sources */ = {isa = PBXBuildFile; fileRef = 973245FD2797BC7B00CE549D /* WannaKnowViewController.swift */; };
		973246002797BCBF00CE549D /* SignUpViewController.swift in Sources */ = {isa = PBXBuildFile; fileRef = 973245FF2797BCBF00CE549D /* SignUpViewController.swift */; };
		973246062797C5F200CE549D /* CalenderViewController.swift in Sources */ = {isa = PBXBuildFile; fileRef = 973246052797C5F200CE549D /* CalenderViewController.swift */; };
		973246082797C60C00CE549D /* ContentViewController.swift in Sources */ = {isa = PBXBuildFile; fileRef = 973246072797C60C00CE549D /* ContentViewController.swift */; };
		9732460A2797C65100CE549D /* HomePageView.swift in Sources */ = {isa = PBXBuildFile; fileRef = 973246092797C65100CE549D /* HomePageView.swift */; };
		9732460E2797C67300CE549D /* WannaKnowView.swift in Sources */ = {isa = PBXBuildFile; fileRef = 9732460D2797C67300CE549D /* WannaKnowView.swift */; };
		973246102797C68200CE549D /* WannaKnowListView.swift in Sources */ = {isa = PBXBuildFile; fileRef = 9732460F2797C68200CE549D /* WannaKnowListView.swift */; };
		973246122797C69000CE549D /* ContentView.swift in Sources */ = {isa = PBXBuildFile; fileRef = 973246112797C69000CE549D /* ContentView.swift */; };
		973246142797C69E00CE549D /* SignUpView.swift in Sources */ = {isa = PBXBuildFile; fileRef = 973246132797C69E00CE549D /* SignUpView.swift */; };
		973246162797C6A800CE549D /* CalenderView.swift in Sources */ = {isa = PBXBuildFile; fileRef = 973246152797C6A800CE549D /* CalenderView.swift */; };
		973246192797C76F00CE549D /* SnapKit in Frameworks */ = {isa = PBXBuildFile; productRef = 973246182797C76F00CE549D /* SnapKit */; };
		9732461C2797C79000CE549D /* SideMenu in Frameworks */ = {isa = PBXBuildFile; productRef = 9732461B2797C79000CE549D /* SideMenu */; };
		9732461F2797C82600CE549D /* Parchment in Frameworks */ = {isa = PBXBuildFile; productRef = 9732461E2797C82600CE549D /* Parchment */; };
		973246222797C83E00CE549D /* JTAppleCalendar in Frameworks */ = {isa = PBXBuildFile; productRef = 973246212797C83E00CE549D /* JTAppleCalendar */; };
		973246242797F3CB00CE549D /* MenuTableViewController.swift in Sources */ = {isa = PBXBuildFile; fileRef = 973246232797F3CA00CE549D /* MenuTableViewController.swift */; };
		973246262798EA3F00CE549D /* SideMenuCell.swift in Sources */ = {isa = PBXBuildFile; fileRef = 973246252798EA3F00CE549D /* SideMenuCell.swift */; };
		973246282799534000CE549D /* Extensions.swift in Sources */ = {isa = PBXBuildFile; fileRef = 973246272799534000CE549D /* Extensions.swift */; };
		9732462A279A3FDA00CE549D /* BulletinTableViewController.swift in Sources */ = {isa = PBXBuildFile; fileRef = 97324629279A3FDA00CE549D /* BulletinTableViewController.swift */; };
		9732462E279A506200CE549D /* ChiaoWanViewController.swift in Sources */ = {isa = PBXBuildFile; fileRef = 9732462D279A506200CE549D /* ChiaoWanViewController.swift */; };
		97324630279A509500CE549D /* ChiaoWanView.swift in Sources */ = {isa = PBXBuildFile; fileRef = 9732462F279A509500CE549D /* ChiaoWanView.swift */; };
		976E406B27D1BDCF0036F4D7 /* CommentsDataBase.swift in Sources */ = {isa = PBXBuildFile; fileRef = 976E406A27D1BDCF0036F4D7 /* CommentsDataBase.swift */; };
		976E406D27D1BE250036F4D7 /* CalendarDataBase.swift in Sources */ = {isa = PBXBuildFile; fileRef = 976E406C27D1BE250036F4D7 /* CalendarDataBase.swift */; };
		976E406F27D342180036F4D7 /* ResultTableViewController.swift in Sources */ = {isa = PBXBuildFile; fileRef = 976E406E27D342180036F4D7 /* ResultTableViewController.swift */; };
		976E407127D3635E0036F4D7 /* SearchResultHeader.swift in Sources */ = {isa = PBXBuildFile; fileRef = 976E407027D3635E0036F4D7 /* SearchResultHeader.swift */; };
		9792944F27A9091F00EA60B4 /* Colors.xcassets in Resources */ = {isa = PBXBuildFile; fileRef = 9792944E27A9091F00EA60B4 /* Colors.xcassets */; };
		9792945127A9463200EA60B4 /* NavigationBarTitle.swift in Sources */ = {isa = PBXBuildFile; fileRef = 9792945027A9463200EA60B4 /* NavigationBarTitle.swift */; };
		9792945327A9532700EA60B4 /* PageViewControllerCell.swift in Sources */ = {isa = PBXBuildFile; fileRef = 9792945227A9532700EA60B4 /* PageViewControllerCell.swift */; };
		9792945527A9665F00EA60B4 /* Model.swift in Sources */ = {isa = PBXBuildFile; fileRef = 9792945427A9665F00EA60B4 /* Model.swift */; };
		9792945727A969F800EA60B4 /* Footer.swift in Sources */ = {isa = PBXBuildFile; fileRef = 9792945627A969F800EA60B4 /* Footer.swift */; };
		97A2518227AD445F002D5B5E /* ContentCell.swift in Sources */ = {isa = PBXBuildFile; fileRef = 97A2518127AD445F002D5B5E /* ContentCell.swift */; };
		97A2518427AD4479002D5B5E /* WannaKnowDetailCell.swift in Sources */ = {isa = PBXBuildFile; fileRef = 97A2518327AD4479002D5B5E /* WannaKnowDetailCell.swift */; };
		97A2518627AFFFAF002D5B5E /* WannaKnowListViewController.swift in Sources */ = {isa = PBXBuildFile; fileRef = 97A2518527AFFFAF002D5B5E /* WannaKnowListViewController.swift */; };
		97A2519027B4B4FB002D5B5E /* WannaKnowDetailHeader.swift in Sources */ = {isa = PBXBuildFile; fileRef = 97A2518F27B4B4FB002D5B5E /* WannaKnowDetailHeader.swift */; };
		97A2519227B4DBBA002D5B5E /* WannaKnowDetailViewController.swift in Sources */ = {isa = PBXBuildFile; fileRef = 97A2519127B4DBBA002D5B5E /* WannaKnowDetailViewController.swift */; };
		97A2519427B4DEF7002D5B5E /* WannaKnowDetailView.swift in Sources */ = {isa = PBXBuildFile; fileRef = 97A2519327B4DEF7002D5B5E /* WannaKnowDetailView.swift */; };
		97A251B027BBA20B002D5B5E /* CategoryButtons.swift in Sources */ = {isa = PBXBuildFile; fileRef = 97A251AF27BBA20B002D5B5E /* CategoryButtons.swift */; };
		97A251B327BC94FF002D5B5E /* WannaKnowAPI.swift in Sources */ = {isa = PBXBuildFile; fileRef = 97A251B227BC94FF002D5B5E /* WannaKnowAPI.swift */; };
		97A251B527BC99FD002D5B5E /* WannaKnowDataBase.swift in Sources */ = {isa = PBXBuildFile; fileRef = 97A251B427BC99FD002D5B5E /* WannaKnowDataBase.swift */; };
		97A251B927BE1EFA002D5B5E /* TagButtons.swift in Sources */ = {isa = PBXBuildFile; fileRef = 97A251B827BE1EFA002D5B5E /* TagButtons.swift */; };
		97A251BF27BE286B002D5B5E /* ThemeCell.swift in Sources */ = {isa = PBXBuildFile; fileRef = 97A251BE27BE286B002D5B5E /* ThemeCell.swift */; };
		97A251C127BF3EBE002D5B5E /* TagCell.swift in Sources */ = {isa = PBXBuildFile; fileRef = 97A251C027BF3EBE002D5B5E /* TagCell.swift */; };
		97A251C527BF9134002D5B5E /* LineUpButtonsCell.swift in Sources */ = {isa = PBXBuildFile; fileRef = 97A251C427BF9134002D5B5E /* LineUpButtonsCell.swift */; };
		97A251C827C5E60A002D5B5E /* CalenderCell.swift in Sources */ = {isa = PBXBuildFile; fileRef = 97A251C727C5E60A002D5B5E /* CalenderCell.swift */; };
		97A251CC27C72219002D5B5E /* BulletinView.swift in Sources */ = {isa = PBXBuildFile; fileRef = 97A251CB27C72219002D5B5E /* BulletinView.swift */; };
		97A2521327C87340002D5B5E /* CommentsAPI.swift in Sources */ = {isa = PBXBuildFile; fileRef = 97A2521227C87340002D5B5E /* CommentsAPI.swift */; };
		97A2523C27CDD142002D5B5E /* CalenderHeader.swift in Sources */ = {isa = PBXBuildFile; fileRef = 97A2523B27CDD142002D5B5E /* CalenderHeader.swift */; };
		97A2523E27CDF4B6002D5B5E /* EventTableViewCell.swift in Sources */ = {isa = PBXBuildFile; fileRef = 97A2523D27CDF4B6002D5B5E /* EventTableViewCell.swift */; };
		97DB515427D73E8D00960AA2 /* SearchDataBase.swift in Sources */ = {isa = PBXBuildFile; fileRef = 97DB515327D73E8D00960AA2 /* SearchDataBase.swift */; };
/* End PBXBuildFile section */

/* Begin PBXFileReference section */
		973245E02797BAD800CE549D /* 想知道嗎論壇APP.app */ = {isa = PBXFileReference; explicitFileType = wrapper.application; includeInIndex = 0; path = "想知道嗎論壇APP.app"; sourceTree = BUILT_PRODUCTS_DIR; };
		973245E32797BAD800CE549D /* AppDelegate.swift */ = {isa = PBXFileReference; lastKnownFileType = sourcecode.swift; path = AppDelegate.swift; sourceTree = "<group>"; };
		973245E52797BAD800CE549D /* SceneDelegate.swift */ = {isa = PBXFileReference; lastKnownFileType = sourcecode.swift; path = SceneDelegate.swift; sourceTree = "<group>"; };
		973245E72797BAD800CE549D /* HomePageViewController.swift */ = {isa = PBXFileReference; lastKnownFileType = sourcecode.swift; path = HomePageViewController.swift; sourceTree = "<group>"; };
		973245EC2797BADA00CE549D /* Assets.xcassets */ = {isa = PBXFileReference; lastKnownFileType = folder.assetcatalog; path = Assets.xcassets; sourceTree = "<group>"; };
		973245EF2797BADA00CE549D /* Base */ = {isa = PBXFileReference; lastKnownFileType = file.storyboard; name = Base; path = Base.lproj/LaunchScreen.storyboard; sourceTree = "<group>"; };
		973245F12797BADA00CE549D /* Info.plist */ = {isa = PBXFileReference; lastKnownFileType = text.plist.xml; path = Info.plist; sourceTree = "<group>"; };
		973245F92797BC1F00CE549D /* Enums.swift */ = {isa = PBXFileReference; lastKnownFileType = sourcecode.swift; path = Enums.swift; sourceTree = "<group>"; };
		973245FD2797BC7B00CE549D /* WannaKnowViewController.swift */ = {isa = PBXFileReference; lastKnownFileType = sourcecode.swift; path = WannaKnowViewController.swift; sourceTree = "<group>"; };
		973245FF2797BCBF00CE549D /* SignUpViewController.swift */ = {isa = PBXFileReference; lastKnownFileType = sourcecode.swift; path = SignUpViewController.swift; sourceTree = "<group>"; };
		973246052797C5F200CE549D /* CalenderViewController.swift */ = {isa = PBXFileReference; lastKnownFileType = sourcecode.swift; path = CalenderViewController.swift; sourceTree = "<group>"; };
		973246072797C60C00CE549D /* ContentViewController.swift */ = {isa = PBXFileReference; lastKnownFileType = sourcecode.swift; path = ContentViewController.swift; sourceTree = "<group>"; };
		973246092797C65100CE549D /* HomePageView.swift */ = {isa = PBXFileReference; lastKnownFileType = sourcecode.swift; path = HomePageView.swift; sourceTree = "<group>"; };
		9732460D2797C67300CE549D /* WannaKnowView.swift */ = {isa = PBXFileReference; lastKnownFileType = sourcecode.swift; path = WannaKnowView.swift; sourceTree = "<group>"; };
		9732460F2797C68200CE549D /* WannaKnowListView.swift */ = {isa = PBXFileReference; lastKnownFileType = sourcecode.swift; path = WannaKnowListView.swift; sourceTree = "<group>"; };
		973246112797C69000CE549D /* ContentView.swift */ = {isa = PBXFileReference; lastKnownFileType = sourcecode.swift; path = ContentView.swift; sourceTree = "<group>"; };
		973246132797C69E00CE549D /* SignUpView.swift */ = {isa = PBXFileReference; lastKnownFileType = sourcecode.swift; path = SignUpView.swift; sourceTree = "<group>"; };
		973246152797C6A800CE549D /* CalenderView.swift */ = {isa = PBXFileReference; lastKnownFileType = sourcecode.swift; path = CalenderView.swift; sourceTree = "<group>"; };
		973246232797F3CA00CE549D /* MenuTableViewController.swift */ = {isa = PBXFileReference; lastKnownFileType = sourcecode.swift; path = MenuTableViewController.swift; sourceTree = "<group>"; };
		973246252798EA3F00CE549D /* SideMenuCell.swift */ = {isa = PBXFileReference; lastKnownFileType = sourcecode.swift; path = SideMenuCell.swift; sourceTree = "<group>"; };
		973246272799534000CE549D /* Extensions.swift */ = {isa = PBXFileReference; lastKnownFileType = sourcecode.swift; path = Extensions.swift; sourceTree = "<group>"; };
		97324629279A3FDA00CE549D /* BulletinTableViewController.swift */ = {isa = PBXFileReference; lastKnownFileType = sourcecode.swift; path = BulletinTableViewController.swift; sourceTree = "<group>"; };
		9732462D279A506200CE549D /* ChiaoWanViewController.swift */ = {isa = PBXFileReference; lastKnownFileType = sourcecode.swift; path = ChiaoWanViewController.swift; sourceTree = "<group>"; };
		9732462F279A509500CE549D /* ChiaoWanView.swift */ = {isa = PBXFileReference; lastKnownFileType = sourcecode.swift; path = ChiaoWanView.swift; sourceTree = "<group>"; };
		976E406A27D1BDCF0036F4D7 /* CommentsDataBase.swift */ = {isa = PBXFileReference; lastKnownFileType = sourcecode.swift; path = CommentsDataBase.swift; sourceTree = "<group>"; };
		976E406C27D1BE250036F4D7 /* CalendarDataBase.swift */ = {isa = PBXFileReference; lastKnownFileType = sourcecode.swift; path = CalendarDataBase.swift; sourceTree = "<group>"; };
		976E406E27D342180036F4D7 /* ResultTableViewController.swift */ = {isa = PBXFileReference; lastKnownFileType = sourcecode.swift; path = ResultTableViewController.swift; sourceTree = "<group>"; };
		976E407027D3635E0036F4D7 /* SearchResultHeader.swift */ = {isa = PBXFileReference; lastKnownFileType = sourcecode.swift; path = SearchResultHeader.swift; sourceTree = "<group>"; };
		9792944E27A9091F00EA60B4 /* Colors.xcassets */ = {isa = PBXFileReference; lastKnownFileType = folder.assetcatalog; path = Colors.xcassets; sourceTree = "<group>"; };
		9792945027A9463200EA60B4 /* NavigationBarTitle.swift */ = {isa = PBXFileReference; lastKnownFileType = sourcecode.swift; path = NavigationBarTitle.swift; sourceTree = "<group>"; };
		9792945227A9532700EA60B4 /* PageViewControllerCell.swift */ = {isa = PBXFileReference; lastKnownFileType = sourcecode.swift; path = PageViewControllerCell.swift; sourceTree = "<group>"; };
		9792945427A9665F00EA60B4 /* Model.swift */ = {isa = PBXFileReference; lastKnownFileType = sourcecode.swift; path = Model.swift; sourceTree = "<group>"; };
		9792945627A969F800EA60B4 /* Footer.swift */ = {isa = PBXFileReference; lastKnownFileType = sourcecode.swift; path = Footer.swift; sourceTree = "<group>"; };
		97A2518127AD445F002D5B5E /* ContentCell.swift */ = {isa = PBXFileReference; lastKnownFileType = sourcecode.swift; path = ContentCell.swift; sourceTree = "<group>"; };
		97A2518327AD4479002D5B5E /* WannaKnowDetailCell.swift */ = {isa = PBXFileReference; lastKnownFileType = sourcecode.swift; path = WannaKnowDetailCell.swift; sourceTree = "<group>"; };
		97A2518527AFFFAF002D5B5E /* WannaKnowListViewController.swift */ = {isa = PBXFileReference; lastKnownFileType = sourcecode.swift; path = WannaKnowListViewController.swift; sourceTree = "<group>"; };
		97A2518F27B4B4FB002D5B5E /* WannaKnowDetailHeader.swift */ = {isa = PBXFileReference; lastKnownFileType = sourcecode.swift; path = WannaKnowDetailHeader.swift; sourceTree = "<group>"; };
		97A2519127B4DBBA002D5B5E /* WannaKnowDetailViewController.swift */ = {isa = PBXFileReference; lastKnownFileType = sourcecode.swift; path = WannaKnowDetailViewController.swift; sourceTree = "<group>"; };
		97A2519327B4DEF7002D5B5E /* WannaKnowDetailView.swift */ = {isa = PBXFileReference; lastKnownFileType = sourcecode.swift; path = WannaKnowDetailView.swift; sourceTree = "<group>"; };
		97A251AF27BBA20B002D5B5E /* CategoryButtons.swift */ = {isa = PBXFileReference; lastKnownFileType = sourcecode.swift; path = CategoryButtons.swift; sourceTree = "<group>"; };
		97A251B227BC94FF002D5B5E /* WannaKnowAPI.swift */ = {isa = PBXFileReference; lastKnownFileType = sourcecode.swift; path = WannaKnowAPI.swift; sourceTree = "<group>"; };
		97A251B427BC99FD002D5B5E /* WannaKnowDataBase.swift */ = {isa = PBXFileReference; lastKnownFileType = sourcecode.swift; path = WannaKnowDataBase.swift; sourceTree = "<group>"; };
		97A251B827BE1EFA002D5B5E /* TagButtons.swift */ = {isa = PBXFileReference; lastKnownFileType = sourcecode.swift; path = TagButtons.swift; sourceTree = "<group>"; };
		97A251BE27BE286B002D5B5E /* ThemeCell.swift */ = {isa = PBXFileReference; lastKnownFileType = sourcecode.swift; path = ThemeCell.swift; sourceTree = "<group>"; };
		97A251C027BF3EBE002D5B5E /* TagCell.swift */ = {isa = PBXFileReference; lastKnownFileType = sourcecode.swift; path = TagCell.swift; sourceTree = "<group>"; };
		97A251C427BF9134002D5B5E /* LineUpButtonsCell.swift */ = {isa = PBXFileReference; lastKnownFileType = sourcecode.swift; path = LineUpButtonsCell.swift; sourceTree = "<group>"; };
		97A251C727C5E60A002D5B5E /* CalenderCell.swift */ = {isa = PBXFileReference; lastKnownFileType = sourcecode.swift; path = CalenderCell.swift; sourceTree = "<group>"; };
		97A251CB27C72219002D5B5E /* BulletinView.swift */ = {isa = PBXFileReference; lastKnownFileType = sourcecode.swift; path = BulletinView.swift; sourceTree = "<group>"; };
		97A2521227C87340002D5B5E /* CommentsAPI.swift */ = {isa = PBXFileReference; lastKnownFileType = sourcecode.swift; path = CommentsAPI.swift; sourceTree = "<group>"; };
		97A2523B27CDD142002D5B5E /* CalenderHeader.swift */ = {isa = PBXFileReference; lastKnownFileType = sourcecode.swift; path = CalenderHeader.swift; sourceTree = "<group>"; };
		97A2523D27CDF4B6002D5B5E /* EventTableViewCell.swift */ = {isa = PBXFileReference; lastKnownFileType = sourcecode.swift; path = EventTableViewCell.swift; sourceTree = "<group>"; };
		97DB515327D73E8D00960AA2 /* SearchDataBase.swift */ = {isa = PBXFileReference; lastKnownFileType = sourcecode.swift; path = SearchDataBase.swift; sourceTree = "<group>"; };
/* End PBXFileReference section */

/* Begin PBXFrameworksBuildPhase section */
		973245DD2797BAD800CE549D /* Frameworks */ = {
			isa = PBXFrameworksBuildPhase;
			buildActionMask = 2147483647;
			files = (
				9732461F2797C82600CE549D /* Parchment in Frameworks */,
				973246222797C83E00CE549D /* JTAppleCalendar in Frameworks */,
				9732461C2797C79000CE549D /* SideMenu in Frameworks */,
				973246192797C76F00CE549D /* SnapKit in Frameworks */,
			);
			runOnlyForDeploymentPostprocessing = 0;
		};
/* End PBXFrameworksBuildPhase section */

/* Begin PBXGroup section */
		973245D72797BAD800CE549D = {
			isa = PBXGroup;
			children = (
				973245E22797BAD800CE549D /* 想知道嗎論壇APP */,
				973245E12797BAD800CE549D /* Products */,
			);
			sourceTree = "<group>";
		};
		973245E12797BAD800CE549D /* Products */ = {
			isa = PBXGroup;
			children = (
				973245E02797BAD800CE549D /* 想知道嗎論壇APP.app */,
			);
			name = Products;
			sourceTree = "<group>";
		};
		973245E22797BAD800CE549D /* 想知道嗎論壇APP */ = {
			isa = PBXGroup;
			children = (
				973245E52797BAD800CE549D /* SceneDelegate.swift */,
				973245E32797BAD800CE549D /* AppDelegate.swift */,
				97A251B127BC94DB002D5B5E /* WannaKnowAPI */,
				97A251AE27BB96A6002D5B5E /* CustomObject */,
				973245FB2797BC2200CE549D /* Model */,
				973245F82797BBFE00CE549D /* View */,
				973245F72797BBF500CE549D /* ViewController */,
				973245FC2797BC3600CE549D /* TableViewCell */,
				97A251BB27BE2797002D5B5E /* CollectionViewCell */,
				97A251C627C5E5CF002D5B5E /* CalendarCell */,
				9792944E27A9091F00EA60B4 /* Colors.xcassets */,
				973245EC2797BADA00CE549D /* Assets.xcassets */,
				973245EE2797BADA00CE549D /* LaunchScreen.storyboard */,
				973245F12797BADA00CE549D /* Info.plist */,
			);
			path = "想知道嗎論壇APP";
			sourceTree = "<group>";
		};
		973245F72797BBF500CE549D /* ViewController */ = {
			isa = PBXGroup;
			children = (
				973245E72797BAD800CE549D /* HomePageViewController.swift */,
				973246232797F3CA00CE549D /* MenuTableViewController.swift */,
				97324629279A3FDA00CE549D /* BulletinTableViewController.swift */,
				9732462D279A506200CE549D /* ChiaoWanViewController.swift */,
				973245FD2797BC7B00CE549D /* WannaKnowViewController.swift */,
				97A2518527AFFFAF002D5B5E /* WannaKnowListViewController.swift */,
				973245FF2797BCBF00CE549D /* SignUpViewController.swift */,
				973246072797C60C00CE549D /* ContentViewController.swift */,
				973246052797C5F200CE549D /* CalenderViewController.swift */,
				97A2519127B4DBBA002D5B5E /* WannaKnowDetailViewController.swift */,
				976E406E27D342180036F4D7 /* ResultTableViewController.swift */,
			);
			path = ViewController;
			sourceTree = "<group>";
		};
		973245F82797BBFE00CE549D /* View */ = {
			isa = PBXGroup;
			children = (
				973246092797C65100CE549D /* HomePageView.swift */,
				9732462F279A509500CE549D /* ChiaoWanView.swift */,
				97A251CB27C72219002D5B5E /* BulletinView.swift */,
				9732460D2797C67300CE549D /* WannaKnowView.swift */,
				9732460F2797C68200CE549D /* WannaKnowListView.swift */,
				973246112797C69000CE549D /* ContentView.swift */,
				973246132797C69E00CE549D /* SignUpView.swift */,
				973246152797C6A800CE549D /* CalenderView.swift */,
				97A2519327B4DEF7002D5B5E /* WannaKnowDetailView.swift */,
			);
			path = View;
			sourceTree = "<group>";
		};
		973245FB2797BC2200CE549D /* Model */ = {
			isa = PBXGroup;
			children = (
				973245F92797BC1F00CE549D /* Enums.swift */,
				9792945427A9665F00EA60B4 /* Model.swift */,
				973246272799534000CE549D /* Extensions.swift */,
			);
			path = Model;
			sourceTree = "<group>";
		};
		973245FC2797BC3600CE549D /* TableViewCell */ = {
			isa = PBXGroup;
			children = (
				973246252798EA3F00CE549D /* SideMenuCell.swift */,
				9792945227A9532700EA60B4 /* PageViewControllerCell.swift */,
				97A2518127AD445F002D5B5E /* ContentCell.swift */,
				97A2518327AD4479002D5B5E /* WannaKnowDetailCell.swift */,
				97A2523D27CDF4B6002D5B5E /* EventTableViewCell.swift */,
				97A2518F27B4B4FB002D5B5E /* WannaKnowDetailHeader.swift */,
				976E407027D3635E0036F4D7 /* SearchResultHeader.swift */,
				9792945627A969F800EA60B4 /* Footer.swift */,
			);
			path = TableViewCell;
			sourceTree = "<group>";
		};
		97A251AE27BB96A6002D5B5E /* CustomObject */ = {
			isa = PBXGroup;
			children = (
				9792945027A9463200EA60B4 /* NavigationBarTitle.swift */,
				97A251AF27BBA20B002D5B5E /* CategoryButtons.swift */,
				97A251B827BE1EFA002D5B5E /* TagButtons.swift */,
			);
			path = CustomObject;
			sourceTree = "<group>";
		};
		97A251B127BC94DB002D5B5E /* WannaKnowAPI */ = {
			isa = PBXGroup;
			children = (
				97A251B227BC94FF002D5B5E /* WannaKnowAPI.swift */,
				97A2521227C87340002D5B5E /* CommentsAPI.swift */,
				97A251B427BC99FD002D5B5E /* WannaKnowDataBase.swift */,
				976E406A27D1BDCF0036F4D7 /* CommentsDataBase.swift */,
				976E406C27D1BE250036F4D7 /* CalendarDataBase.swift */,
				97DB515327D73E8D00960AA2 /* SearchDataBase.swift */,
			);
			path = WannaKnowAPI;
			sourceTree = "<group>";
		};
		97A251BB27BE2797002D5B5E /* CollectionViewCell */ = {
			isa = PBXGroup;
			children = (
				97A251BE27BE286B002D5B5E /* ThemeCell.swift */,
				97A251C027BF3EBE002D5B5E /* TagCell.swift */,
				97A251C427BF9134002D5B5E /* LineUpButtonsCell.swift */,
			);
			path = CollectionViewCell;
			sourceTree = "<group>";
		};
		97A251C627C5E5CF002D5B5E /* CalendarCell */ = {
			isa = PBXGroup;
			children = (
				97A251C727C5E60A002D5B5E /* CalenderCell.swift */,
				97A2523B27CDD142002D5B5E /* CalenderHeader.swift */,
			);
			path = CalendarCell;
			sourceTree = "<group>";
		};
/* End PBXGroup section */

/* Begin PBXNativeTarget section */
		973245DF2797BAD800CE549D /* 想知道嗎論壇APP */ = {
			isa = PBXNativeTarget;
			buildConfigurationList = 973245F42797BADA00CE549D /* Build configuration list for PBXNativeTarget "想知道嗎論壇APP" */;
			buildPhases = (
				973245DC2797BAD800CE549D /* Sources */,
				973245DD2797BAD800CE549D /* Frameworks */,
				973245DE2797BAD800CE549D /* Resources */,
			);
			buildRules = (
			);
			dependencies = (
			);
			name = "想知道嗎論壇APP";
			packageProductDependencies = (
				973246182797C76F00CE549D /* SnapKit */,
				9732461B2797C79000CE549D /* SideMenu */,
				9732461E2797C82600CE549D /* Parchment */,
				973246212797C83E00CE549D /* JTAppleCalendar */,
			);
			productName = "想知道嗎論壇APP";
			productReference = 973245E02797BAD800CE549D /* 想知道嗎論壇APP.app */;
			productType = "com.apple.product-type.application";
		};
/* End PBXNativeTarget section */

/* Begin PBXProject section */
		973245D82797BAD800CE549D /* Project object */ = {
			isa = PBXProject;
			attributes = {
				LastSwiftUpdateCheck = 1250;
				LastUpgradeCheck = 1250;
				TargetAttributes = {
					973245DF2797BAD800CE549D = {
						CreatedOnToolsVersion = 12.5.1;
					};
				};
			};
			buildConfigurationList = 973245DB2797BAD800CE549D /* Build configuration list for PBXProject "想知道嗎論壇APP" */;
			compatibilityVersion = "Xcode 9.3";
			developmentRegion = en;
			hasScannedForEncodings = 0;
			knownRegions = (
				en,
				Base,
			);
			mainGroup = 973245D72797BAD800CE549D;
			packageReferences = (
				973246172797C76F00CE549D /* XCRemoteSwiftPackageReference "SnapKit" */,
				9732461A2797C79000CE549D /* XCRemoteSwiftPackageReference "SideMenu" */,
				9732461D2797C82600CE549D /* XCRemoteSwiftPackageReference "Parchment" */,
				973246202797C83E00CE549D /* XCRemoteSwiftPackageReference "JTAppleCalendar" */,
			);
			productRefGroup = 973245E12797BAD800CE549D /* Products */;
			projectDirPath = "";
			projectRoot = "";
			targets = (
				973245DF2797BAD800CE549D /* 想知道嗎論壇APP */,
			);
		};
/* End PBXProject section */

/* Begin PBXResourcesBuildPhase section */
		973245DE2797BAD800CE549D /* Resources */ = {
			isa = PBXResourcesBuildPhase;
			buildActionMask = 2147483647;
			files = (
				9792944F27A9091F00EA60B4 /* Colors.xcassets in Resources */,
				973245F02797BADA00CE549D /* LaunchScreen.storyboard in Resources */,
				973245ED2797BADA00CE549D /* Assets.xcassets in Resources */,
			);
			runOnlyForDeploymentPostprocessing = 0;
		};
/* End PBXResourcesBuildPhase section */

/* Begin PBXSourcesBuildPhase section */
		973245DC2797BAD800CE549D /* Sources */ = {
			isa = PBXSourcesBuildPhase;
			buildActionMask = 2147483647;
			files = (
				973246082797C60C00CE549D /* ContentViewController.swift in Sources */,
				97A251C827C5E60A002D5B5E /* CalenderCell.swift in Sources */,
				97A251B327BC94FF002D5B5E /* WannaKnowAPI.swift in Sources */,
				97A2521327C87340002D5B5E /* CommentsAPI.swift in Sources */,
				973246102797C68200CE549D /* WannaKnowListView.swift in Sources */,
				97A251CC27C72219002D5B5E /* BulletinView.swift in Sources */,
				973246002797BCBF00CE549D /* SignUpViewController.swift in Sources */,
				973246162797C6A800CE549D /* CalenderView.swift in Sources */,
				97A2519227B4DBBA002D5B5E /* WannaKnowDetailViewController.swift in Sources */,
				97A2518427AD4479002D5B5E /* WannaKnowDetailCell.swift in Sources */,
				97A2518227AD445F002D5B5E /* ContentCell.swift in Sources */,
				97A2523C27CDD142002D5B5E /* CalenderHeader.swift in Sources */,
				976E406D27D1BE250036F4D7 /* CalendarDataBase.swift in Sources */,
				97A251B927BE1EFA002D5B5E /* TagButtons.swift in Sources */,
				9792945727A969F800EA60B4 /* Footer.swift in Sources */,
				9792945127A9463200EA60B4 /* NavigationBarTitle.swift in Sources */,
				973245FE2797BC7B00CE549D /* WannaKnowViewController.swift in Sources */,
				97A2519027B4B4FB002D5B5E /* WannaKnowDetailHeader.swift in Sources */,
				973245E82797BAD800CE549D /* HomePageViewController.swift in Sources */,
				97A2523E27CDF4B6002D5B5E /* EventTableViewCell.swift in Sources */,
				973245E42797BAD800CE549D /* AppDelegate.swift in Sources */,
				97324630279A509500CE549D /* ChiaoWanView.swift in Sources */,
				97A2519427B4DEF7002D5B5E /* WannaKnowDetailView.swift in Sources */,
				976E407127D3635E0036F4D7 /* SearchResultHeader.swift in Sources */,
				9732462E279A506200CE549D /* ChiaoWanViewController.swift in Sources */,
				973246262798EA3F00CE549D /* SideMenuCell.swift in Sources */,
				97A251C527BF9134002D5B5E /* LineUpButtonsCell.swift in Sources */,
				9792945327A9532700EA60B4 /* PageViewControllerCell.swift in Sources */,
				973245E62797BAD800CE549D /* SceneDelegate.swift in Sources */,
				973246062797C5F200CE549D /* CalenderViewController.swift in Sources */,
				9792945527A9665F00EA60B4 /* Model.swift in Sources */,
				973245FA2797BC1F00CE549D /* Enums.swift in Sources */,
				97A251B527BC99FD002D5B5E /* WannaKnowDataBase.swift in Sources */,
				976E406F27D342180036F4D7 /* ResultTableViewController.swift in Sources */,
				97A251B027BBA20B002D5B5E /* CategoryButtons.swift in Sources */,
				976E406B27D1BDCF0036F4D7 /* CommentsDataBase.swift in Sources */,
				973246242797F3CB00CE549D /* MenuTableViewController.swift in Sources */,
				973246122797C69000CE549D /* ContentView.swift in Sources */,
				97A251BF27BE286B002D5B5E /* ThemeCell.swift in Sources */,
				97DB515427D73E8D00960AA2 /* SearchDataBase.swift in Sources */,
				973246282799534000CE549D /* Extensions.swift in Sources */,
				97A251C127BF3EBE002D5B5E /* TagCell.swift in Sources */,
				973246142797C69E00CE549D /* SignUpView.swift in Sources */,
				9732462A279A3FDA00CE549D /* BulletinTableViewController.swift in Sources */,
				97A2518627AFFFAF002D5B5E /* WannaKnowListViewController.swift in Sources */,
				9732460E2797C67300CE549D /* WannaKnowView.swift in Sources */,
				9732460A2797C65100CE549D /* HomePageView.swift in Sources */,
			);
			runOnlyForDeploymentPostprocessing = 0;
		};
/* End PBXSourcesBuildPhase section */

/* Begin PBXVariantGroup section */
		973245EE2797BADA00CE549D /* LaunchScreen.storyboard */ = {
			isa = PBXVariantGroup;
			children = (
				973245EF2797BADA00CE549D /* Base */,
			);
			name = LaunchScreen.storyboard;
			sourceTree = "<group>";
		};
/* End PBXVariantGroup section */

/* Begin XCBuildConfiguration section */
		973245F22797BADA00CE549D /* Debug */ = {
			isa = XCBuildConfiguration;
			buildSettings = {
				ALWAYS_SEARCH_USER_PATHS = NO;
				CLANG_ANALYZER_NONNULL = YES;
				CLANG_ANALYZER_NUMBER_OBJECT_CONVERSION = YES_AGGRESSIVE;
				CLANG_CXX_LANGUAGE_STANDARD = "gnu++14";
				CLANG_CXX_LIBRARY = "libc++";
				CLANG_ENABLE_MODULES = YES;
				CLANG_ENABLE_OBJC_ARC = YES;
				CLANG_ENABLE_OBJC_WEAK = YES;
				CLANG_WARN_BLOCK_CAPTURE_AUTORELEASING = YES;
				CLANG_WARN_BOOL_CONVERSION = YES;
				CLANG_WARN_COMMA = YES;
				CLANG_WARN_CONSTANT_CONVERSION = YES;
				CLANG_WARN_DEPRECATED_OBJC_IMPLEMENTATIONS = YES;
				CLANG_WARN_DIRECT_OBJC_ISA_USAGE = YES_ERROR;
				CLANG_WARN_DOCUMENTATION_COMMENTS = YES;
				CLANG_WARN_EMPTY_BODY = YES;
				CLANG_WARN_ENUM_CONVERSION = YES;
				CLANG_WARN_INFINITE_RECURSION = YES;
				CLANG_WARN_INT_CONVERSION = YES;
				CLANG_WARN_NON_LITERAL_NULL_CONVERSION = YES;
				CLANG_WARN_OBJC_IMPLICIT_RETAIN_SELF = YES;
				CLANG_WARN_OBJC_LITERAL_CONVERSION = YES;
				CLANG_WARN_OBJC_ROOT_CLASS = YES_ERROR;
				CLANG_WARN_QUOTED_INCLUDE_IN_FRAMEWORK_HEADER = YES;
				CLANG_WARN_RANGE_LOOP_ANALYSIS = YES;
				CLANG_WARN_STRICT_PROTOTYPES = YES;
				CLANG_WARN_SUSPICIOUS_MOVE = YES;
				CLANG_WARN_UNGUARDED_AVAILABILITY = YES_AGGRESSIVE;
				CLANG_WARN_UNREACHABLE_CODE = YES;
				CLANG_WARN__DUPLICATE_METHOD_MATCH = YES;
				COPY_PHASE_STRIP = NO;
				DEBUG_INFORMATION_FORMAT = dwarf;
				ENABLE_STRICT_OBJC_MSGSEND = YES;
				ENABLE_TESTABILITY = YES;
				GCC_C_LANGUAGE_STANDARD = gnu11;
				GCC_DYNAMIC_NO_PIC = NO;
				GCC_NO_COMMON_BLOCKS = YES;
				GCC_OPTIMIZATION_LEVEL = 0;
				GCC_PREPROCESSOR_DEFINITIONS = (
					"DEBUG=1",
					"$(inherited)",
				);
				GCC_WARN_64_TO_32_BIT_CONVERSION = YES;
				GCC_WARN_ABOUT_RETURN_TYPE = YES_ERROR;
				GCC_WARN_UNDECLARED_SELECTOR = YES;
				GCC_WARN_UNINITIALIZED_AUTOS = YES_AGGRESSIVE;
				GCC_WARN_UNUSED_FUNCTION = YES;
				GCC_WARN_UNUSED_VARIABLE = YES;
				IPHONEOS_DEPLOYMENT_TARGET = 14.5;
				MTL_ENABLE_DEBUG_INFO = INCLUDE_SOURCE;
				MTL_FAST_MATH = YES;
				ONLY_ACTIVE_ARCH = YES;
				SDKROOT = iphoneos;
				SWIFT_ACTIVE_COMPILATION_CONDITIONS = DEBUG;
				SWIFT_OPTIMIZATION_LEVEL = "-Onone";
			};
			name = Debug;
		};
		973245F32797BADA00CE549D /* Release */ = {
			isa = XCBuildConfiguration;
			buildSettings = {
				ALWAYS_SEARCH_USER_PATHS = NO;
				CLANG_ANALYZER_NONNULL = YES;
				CLANG_ANALYZER_NUMBER_OBJECT_CONVERSION = YES_AGGRESSIVE;
				CLANG_CXX_LANGUAGE_STANDARD = "gnu++14";
				CLANG_CXX_LIBRARY = "libc++";
				CLANG_ENABLE_MODULES = YES;
				CLANG_ENABLE_OBJC_ARC = YES;
				CLANG_ENABLE_OBJC_WEAK = YES;
				CLANG_WARN_BLOCK_CAPTURE_AUTORELEASING = YES;
				CLANG_WARN_BOOL_CONVERSION = YES;
				CLANG_WARN_COMMA = YES;
				CLANG_WARN_CONSTANT_CONVERSION = YES;
				CLANG_WARN_DEPRECATED_OBJC_IMPLEMENTATIONS = YES;
				CLANG_WARN_DIRECT_OBJC_ISA_USAGE = YES_ERROR;
				CLANG_WARN_DOCUMENTATION_COMMENTS = YES;
				CLANG_WARN_EMPTY_BODY = YES;
				CLANG_WARN_ENUM_CONVERSION = YES;
				CLANG_WARN_INFINITE_RECURSION = YES;
				CLANG_WARN_INT_CONVERSION = YES;
				CLANG_WARN_NON_LITERAL_NULL_CONVERSION = YES;
				CLANG_WARN_OBJC_IMPLICIT_RETAIN_SELF = YES;
				CLANG_WARN_OBJC_LITERAL_CONVERSION = YES;
				CLANG_WARN_OBJC_ROOT_CLASS = YES_ERROR;
				CLANG_WARN_QUOTED_INCLUDE_IN_FRAMEWORK_HEADER = YES;
				CLANG_WARN_RANGE_LOOP_ANALYSIS = YES;
				CLANG_WARN_STRICT_PROTOTYPES = YES;
				CLANG_WARN_SUSPICIOUS_MOVE = YES;
				CLANG_WARN_UNGUARDED_AVAILABILITY = YES_AGGRESSIVE;
				CLANG_WARN_UNREACHABLE_CODE = YES;
				CLANG_WARN__DUPLICATE_METHOD_MATCH = YES;
				COPY_PHASE_STRIP = NO;
				DEBUG_INFORMATION_FORMAT = "dwarf-with-dsym";
				ENABLE_NS_ASSERTIONS = NO;
				ENABLE_STRICT_OBJC_MSGSEND = YES;
				GCC_C_LANGUAGE_STANDARD = gnu11;
				GCC_NO_COMMON_BLOCKS = YES;
				GCC_WARN_64_TO_32_BIT_CONVERSION = YES;
				GCC_WARN_ABOUT_RETURN_TYPE = YES_ERROR;
				GCC_WARN_UNDECLARED_SELECTOR = YES;
				GCC_WARN_UNINITIALIZED_AUTOS = YES_AGGRESSIVE;
				GCC_WARN_UNUSED_FUNCTION = YES;
				GCC_WARN_UNUSED_VARIABLE = YES;
				IPHONEOS_DEPLOYMENT_TARGET = 14.5;
				MTL_ENABLE_DEBUG_INFO = NO;
				MTL_FAST_MATH = YES;
				SDKROOT = iphoneos;
				SWIFT_COMPILATION_MODE = wholemodule;
				SWIFT_OPTIMIZATION_LEVEL = "-O";
				VALIDATE_PRODUCT = YES;
			};
			name = Release;
		};
		973245F52797BADA00CE549D /* Debug */ = {
			isa = XCBuildConfiguration;
			buildSettings = {
				ASSETCATALOG_COMPILER_APPICON_NAME = AppIcon;
				ASSETCATALOG_COMPILER_GLOBAL_ACCENT_COLOR_NAME = AccentColor;
				CODE_SIGN_STYLE = Automatic;
				DEVELOPMENT_TEAM = QRA5DG5SAD;
				INFOPLIST_FILE = "想知道嗎論壇APP/Info.plist";
				LD_RUNPATH_SEARCH_PATHS = (
					"$(inherited)",
					"@executable_path/Frameworks",
				);
				PRODUCT_BUNDLE_IDENTIFIER = "testing.------APP";
				PRODUCT_NAME = "$(TARGET_NAME)";
				SWIFT_VERSION = 5.0;
				TARGETED_DEVICE_FAMILY = "1,2";
			};
			name = Debug;
		};
		973245F62797BADA00CE549D /* Release */ = {
			isa = XCBuildConfiguration;
			buildSettings = {
				ASSETCATALOG_COMPILER_APPICON_NAME = AppIcon;
				ASSETCATALOG_COMPILER_GLOBAL_ACCENT_COLOR_NAME = AccentColor;
				CODE_SIGN_STYLE = Automatic;
				DEVELOPMENT_TEAM = QRA5DG5SAD;
				INFOPLIST_FILE = "想知道嗎論壇APP/Info.plist";
				LD_RUNPATH_SEARCH_PATHS = (
					"$(inherited)",
					"@executable_path/Frameworks",
				);
				PRODUCT_BUNDLE_IDENTIFIER = "testing.------APP";
				PRODUCT_NAME = "$(TARGET_NAME)";
				SWIFT_VERSION = 5.0;
				TARGETED_DEVICE_FAMILY = "1,2";
			};
			name = Release;
		};
/* End XCBuildConfiguration section */

/* Begin XCConfigurationList section */
		973245DB2797BAD800CE549D /* Build configuration list for PBXProject "想知道嗎論壇APP" */ = {
			isa = XCConfigurationList;
			buildConfigurations = (
				973245F22797BADA00CE549D /* Debug */,
				973245F32797BADA00CE549D /* Release */,
			);
			defaultConfigurationIsVisible = 0;
			defaultConfigurationName = Release;
		};
		973245F42797BADA00CE549D /* Build configuration list for PBXNativeTarget "想知道嗎論壇APP" */ = {
			isa = XCConfigurationList;
			buildConfigurations = (
				973245F52797BADA00CE549D /* Debug */,
				973245F62797BADA00CE549D /* Release */,
			);
			defaultConfigurationIsVisible = 0;
			defaultConfigurationName = Release;
		};
/* End XCConfigurationList section */

/* Begin XCRemoteSwiftPackageReference section */
		973246172797C76F00CE549D /* XCRemoteSwiftPackageReference "SnapKit" */ = {
			isa = XCRemoteSwiftPackageReference;
			repositoryURL = "https://github.com/SnapKit/SnapKit";
			requirement = {
				kind = upToNextMajorVersion;
				minimumVersion = 5.0.1;
			};
		};
		9732461A2797C79000CE549D /* XCRemoteSwiftPackageReference "SideMenu" */ = {
			isa = XCRemoteSwiftPackageReference;
			repositoryURL = "https://github.com/jonkykong/SideMenu";
			requirement = {
				kind = upToNextMajorVersion;
				minimumVersion = 6.5.0;
			};
		};
		9732461D2797C82600CE549D /* XCRemoteSwiftPackageReference "Parchment" */ = {
			isa = XCRemoteSwiftPackageReference;
			repositoryURL = "https://github.com/rechsteiner/Parchment";
			requirement = {
				kind = upToNextMajorVersion;
				minimumVersion = 3.1.0;
			};
		};
		973246202797C83E00CE549D /* XCRemoteSwiftPackageReference "JTAppleCalendar" */ = {
			isa = XCRemoteSwiftPackageReference;
			repositoryURL = "https://github.com/patchthecode/JTAppleCalendar";
			requirement = {
				kind = upToNextMajorVersion;
				minimumVersion = 8.0.3;
			};
		};
/* End XCRemoteSwiftPackageReference section */

/* Begin XCSwiftPackageProductDependency section */
		973246182797C76F00CE549D /* SnapKit */ = {
			isa = XCSwiftPackageProductDependency;
			package = 973246172797C76F00CE549D /* XCRemoteSwiftPackageReference "SnapKit" */;
			productName = SnapKit;
		};
		9732461B2797C79000CE549D /* SideMenu */ = {
			isa = XCSwiftPackageProductDependency;
			package = 9732461A2797C79000CE549D /* XCRemoteSwiftPackageReference "SideMenu" */;
			productName = SideMenu;
		};
		9732461E2797C82600CE549D /* Parchment */ = {
			isa = XCSwiftPackageProductDependency;
			package = 9732461D2797C82600CE549D /* XCRemoteSwiftPackageReference "Parchment" */;
			productName = Parchment;
		};
		973246212797C83E00CE549D /* JTAppleCalendar */ = {
			isa = XCSwiftPackageProductDependency;
			package = 973246202797C83E00CE549D /* XCRemoteSwiftPackageReference "JTAppleCalendar" */;
			productName = JTAppleCalendar;
		};
/* End XCSwiftPackageProductDependency section */
	};
	rootObject = 973245D82797BAD800CE549D /* Project object */;
}
